
Microsoft Visual Studio Solution File, Format Version 12.00
# Visual Studio Version 17
VisualStudioVersion = 17.0.31903.59
MinimumVisualStudioVersion = 10.0.40219.1
Project("{FAE04EC0-301F-11D3-BF4B-00C04F79EFBC}") = "ResturantApplication.Api", "ResturantApplication.Api\ResturantApplication.Api.csproj", "{374A41BD-67B5-40B9-8C3A-A39B48D42090}"
EndProject
Project("{FAE04EC0-301F-11D3-BF4B-00C04F79EFBC}") = "ResturantApplication.Application", "ResturantApplication.Application\ResturantApplication.Application.csproj", "{9115ABA1-49E9-4567-A82C-6D7F143CF565}"
EndProject
Project("{FAE04EC0-301F-11D3-BF4B-00C04F79EFBC}") = "ResturantApplication.Domain", "ResturantApplication.Domain\ResturantApplication.Domain.csproj", "{7EFDFA21-F52E-41C9-A8AD-0F2062816949}"
EndProject
Project("{FAE04EC0-301F-11D3-BF4B-00C04F79EFBC}") = "ResturantApplication.Infastructure", "ResturantApplication.Infastructure\ResturantApplication.Infastructure.csproj", "{2C236736-6967-456F-B32D-05EDA264DD8D}"
EndProject
Project("{FAE04EC0-301F-11D3-BF4B-00C04F79EFBC}") = "ResturantApplication.Api.Tests", "..\tests\ResturantApplication.Api.Tests\ResturantApplication.Api.Tests.csproj", "{AF05444D-05BD-4EFC-99E8-9EB4F65616B9}"
EndProject
Project("{FAE04EC0-301F-11D3-BF4B-00C04F79EFBC}") = "ResturantApplication.Application.Tests", "..\tests\ResturantApplication.Application.Tests\ResturantApplication.Application.Tests.csproj", "{A936C957-46FC-4F5E-9729-9C9BBFD5BA29}"
EndProject
Global
	GlobalSection(SolutionConfigurationPlatforms) = preSolution
		Debug|Any CPU = Debug|Any CPU
		Release|Any CPU = Release|Any CPU
	EndGlobalSection
	GlobalSection(SolutionProperties) = preSolution
		HideSolutionNode = FALSE
	EndGlobalSection
	GlobalSection(ProjectConfigurationPlatforms) = postSolution
		{374A41BD-67B5-40B9-8C3A-A39B48D42090}.Debug|Any CPU.ActiveCfg = Debug|Any CPU
		{374A41BD-67B5-40B9-8C3A-A39B48D42090}.Debug|Any CPU.Build.0 = Debug|Any CPU
		{374A41BD-67B5-40B9-8C3A-A39B48D42090}.Release|Any CPU.ActiveCfg = Release|Any CPU
		{374A41BD-67B5-40B9-8C3A-A39B48D42090}.Release|Any CPU.Build.0 = Release|Any CPU
		{9115ABA1-49E9-4567-A82C-6D7F143CF565}.Debug|Any CPU.ActiveCfg = Debug|Any CPU
		{9115ABA1-49E9-4567-A82C-6D7F143CF565}.Debug|Any CPU.Build.0 = Debug|Any CPU
		{9115ABA1-49E9-4567-A82C-6D7F143CF565}.Release|Any CPU.ActiveCfg = Release|Any CPU
		{9115ABA1-49E9-4567-A82C-6D7F143CF565}.Release|Any CPU.Build.0 = Release|Any CPU
		{7EFDFA21-F52E-41C9-A8AD-0F2062816949}.Debug|Any CPU.ActiveCfg = Debug|Any CPU
		{7EFDFA21-F52E-41C9-A8AD-0F2062816949}.Debug|Any CPU.Build.0 = Debug|Any CPU
		{7EFDFA21-F52E-41C9-A8AD-0F2062816949}.Release|Any CPU.ActiveCfg = Release|Any CPU
		{7EFDFA21-F52E-41C9-A8AD-0F2062816949}.Release|Any CPU.Build.0 = Release|Any CPU
		{2C236736-6967-456F-B32D-05EDA264DD8D}.Debug|Any CPU.ActiveCfg = Debug|Any CPU
		{2C236736-6967-456F-B32D-05EDA264DD8D}.Debug|Any CPU.Build.0 = Debug|Any CPU
		{2C236736-6967-456F-B32D-05EDA264DD8D}.Release|Any CPU.ActiveCfg = Release|Any CPU
		{2C236736-6967-456F-B32D-05EDA264DD8D}.Release|Any CPU.Build.0 = Release|Any CPU
		{AF05444D-05BD-4EFC-99E8-9EB4F65616B9}.Debug|Any CPU.ActiveCfg = Debug|Any CPU
		{AF05444D-05BD-4EFC-99E8-9EB4F65616B9}.Debug|Any CPU.Build.0 = Debug|Any CPU
		{AF05444D-05BD-4EFC-99E8-9EB4F65616B9}.Release|Any CPU.ActiveCfg = Release|Any CPU
		{AF05444D-05BD-4EFC-99E8-9EB4F65616B9}.Release|Any CPU.Build.0 = Release|Any CPU
		{A936C957-46FC-4F5E-9729-9C9BBFD5BA29}.Debug|Any CPU.ActiveCfg = Debug|Any CPU
		{A936C957-46FC-4F5E-9729-9C9BBFD5BA29}.Debug|Any CPU.Build.0 = Debug|Any CPU
		{A936C957-46FC-4F5E-9729-9C9BBFD5BA29}.Release|Any CPU.ActiveCfg = Release|Any CPU
		{A936C957-46FC-4F5E-9729-9C9BBFD5BA29}.Release|Any CPU.Build.0 = Release|Any CPU
	EndGlobalSection
EndGlobal
